{
  "name": "工作",
  "lockfileVersion": 3,
  "requires": true,
  "packages": {
    "": {
      "dependencies": {
        "@kugou/voo-create-skill": "^1.1.4"
      }
    },
    "node_modules/@kugou/voo-create-skill": {
      "version": "1.1.4",
      "resolved": "http://knpm.tmeoa.com/@kugou%2fvoo-create-skill/-/voo-create-skill-1.1.4.tgz",
      "integrity": "sha512-P4S1lfD8nRMxRsjDJIHIWfRN/Kij/cpRkTY07L99qhv5P7Erxo2yhEAjGBA7AY+Cjz/eG/HBwQXdPQ3u0MAunw==",
      "hasInstallScript": true,
      "license": "MIT",
      "bin": {
        "voo-create-skill": "bin/install.js",
        "voo-create-skill-uninstall": "bin/uninstall.js"
      },
      "engines": {
        "node": ">=14"
      }
    }
  }
}
